<?xml version="1.0" encoding="utf-8"?>
<Project ToolsVersion="4.0" xmlns="http://schemas.microsoft.com/developer/msbuild/2003">
  <ItemGroup>
    <Filter Include="Source Files">
      <UniqueIdentifier>{56b2ea06-b87d-4e7c-8a8a-4dfcdb880650}</UniqueIdentifier>
      <Extensions>cpp;c;cxx;rc;def;r;odl;idl;hpj;bat</Extensions>
    </Filter>
    <Filter Include="Source Files\asynsocket">
      <UniqueIdentifier>{c8c9a4b1-fdf1-44df-b31e-2263287bb679}</UniqueIdentifier>
    </Filter>
    <Filter Include="Header Files">
      <UniqueIdentifier>{93371644-ebc8-40b1-b5b9-e2691922b361}</UniqueIdentifier>
      <Extensions>h;hpp;hxx;hm;inl</Extensions>
    </Filter>
    <Filter Include="Header Files\asynsocket">
      <UniqueIdentifier>{a01295e8-dcae-4518-adfa-513e5664ac95}</UniqueIdentifier>
    </Filter>
    <Filter Include="Resource Files">
      <UniqueIdentifier>{848162b0-e1bf-4fb8-aabc-67bdda2285d5}</UniqueIdentifier>
      <Extensions>ico;cur;bmp;dlg;rc2;rct;bin;rgs;gif;jpg;jpeg;jpe</Extensions>
    </Filter>
  </ItemGroup>
  <ItemGroup>
    <ClCompile Include="GlobalProxy.cpp">
      <Filter>Source Files</Filter>
    </ClCompile>
    <ClCompile Include="ProxyLaneHook.cpp">
      <Filter>Source Files</Filter>
    </ClCompile>
    <ClCompile Include="HookWinsock.cpp">
      <Filter>Source Files</Filter>
    </ClCompile>
    <ClCompile Include="MySocket.cpp">
      <Filter>Source Files</Filter>
    </ClCompile>
    <ClCompile Include="PRCPipeClient.cpp">
      <Filter>Source Files</Filter>
    </ClCompile>
    <ClCompile Include="PRCPipeServer.cpp">
      <Filter>Source Files</Filter>
    </ClCompile>
    <ClCompile Include="PRCTcpPeer.cpp">
      <Filter>Source Files</Filter>
    </ClCompile>
    <ClCompile Include="PRCTcpServer.cpp">
      <Filter>Source Files</Filter>
    </ClCompile>
    <ClCompile Include="PRCUdpPeer.cpp">
      <Filter>Source Files</Filter>
    </ClCompile>
    <ClCompile Include="Socks5UdpCodec.cpp">
      <Filter>源文件</Filter>
    </ClCompile>
    <ClCompile Include="PRCUdpServer.cpp">
      <Filter>Source Files</Filter>
    </ClCompile>
    <ClCompile Include="PRCXServer.cpp">
      <Filter>Source Files</Filter>
    </ClCompile>
    <ClCompile Include="ProxyLog.cpp">
      <Filter>Source Files</Filter>
    </ClCompile>
    <ClCompile Include="ProxyModule.cpp">
      <Filter>Source Files</Filter>
    </ClCompile>
    <ClCompile Include="ProxyReceptionCentre.cpp">
      <Filter>Source Files</Filter>
    </ClCompile>
    <ClCompile Include="ProxySettings.cpp">
      <Filter>Source Files</Filter>
    </ClCompile>
    <ClCompile Include="ProxyTaskMgr.cpp">
      <Filter>Source Files</Filter>
    </ClCompile>
    <ClCompile Include="ProxyTesterMgr.cpp">
      <Filter>Source Files</Filter>
    </ClCompile>
    <ClCompile Include="StdAfx.cpp">
      <Filter>Source Files</Filter>
    </ClCompile>
    <ClCompile Include="TcpProxyTask.cpp">
      <Filter>Source Files</Filter>
    </ClCompile>
    <ClCompile Include="token.cpp">
      <Filter>Source Files</Filter>
    </ClCompile>
    <ClCompile Include="UdpProxyTask.cpp">
      <Filter>Source Files</Filter>
    </ClCompile>
    <ClCompile Include="asynsocket\AsyncProxySocketLayer.cpp">
      <Filter>Source Files\asynsocket</Filter>
    </ClCompile>
    <ClCompile Include="asynsocket\AsyncSocketEx.cpp">
      <Filter>Source Files\asynsocket</Filter>
    </ClCompile>
    <ClCompile Include="asynsocket\AsyncSocketExLayer.cpp">
      <Filter>Source Files\asynsocket</Filter>
    </ClCompile>
    <ClCompile Include="asynsocket\CBase64Coding.cpp">
      <Filter>Source Files\asynsocket</Filter>
    </ClCompile>
    <ClCompile Include="asynsocket\autoBuffer.cpp">
      <Filter>Source Files\asynsocket</Filter>
    </ClCompile>
    <ClCompile Include="InjectDll.cpp">
      <Filter>Source Files</Filter>
    </ClCompile>
  </ItemGroup>
  <ItemGroup>
    <ClInclude Include="asynsocket\types.h">
      <Filter>Source Files</Filter>
    </ClInclude>
    <ClInclude Include="detour.h">
      <Filter>Header Files</Filter>
    </ClInclude>
    <ClInclude Include="GlobalProxy.h">
      <Filter>Header Files</Filter>
    </ClInclude>
    <ClInclude Include="HookWinsock.h">
      <Filter>Header Files</Filter>
    </ClInclude>
    <ClInclude Include="MySocket.h">
      <Filter>Header Files</Filter>
    </ClInclude>
    <ClInclude Include="PRCPipeClient.h">
      <Filter>Header Files</Filter>
    </ClInclude>
    <ClInclude Include="PRCPipeServer.h">
      <Filter>Header Files</Filter>
    </ClInclude>
    <ClInclude Include="PRCTcpPeer.h">
      <Filter>Header Files</Filter>
    </ClInclude>
    <ClInclude Include="PRCTcpServer.h">
      <Filter>Header Files</Filter>
    </ClInclude>
    <ClInclude Include="PRCUdpPeer.h">
      <Filter>Header Files</Filter>
    </ClInclude>
    <ClInclude Include="Socks5UdpCodec.h">
      <Filter>头文件</Filter>
    </ClInclude>
    <ClInclude Include="PRCUdpServer.h">
      <Filter>Header Files</Filter>
    </ClInclude>
    <ClInclude Include="PRCXServer.h">
      <Filter>Header Files</Filter>
    </ClInclude>
    <ClInclude Include="ProxyDataHandle.h">
      <Filter>Header Files</Filter>
    </ClInclude>
    <ClInclude Include="ProxyLog.h">
      <Filter>Header Files</Filter>
    </ClInclude>
    <ClInclude Include="ProxyModule.h">
      <Filter>Header Files</Filter>
    </ClInclude>
    <ClInclude Include="ProxyReceptionCentre.h">
      <Filter>Header Files</Filter>
    </ClInclude>
    <ClInclude Include="ProxySettings.h">
      <Filter>Header Files</Filter>
    </ClInclude>
    <ClInclude Include="ProxyTaskMgr.h">
      <Filter>Header Files</Filter>
    </ClInclude>
    <ClInclude Include="ProxyTesterMgr.h">
      <Filter>Header Files</Filter>
    </ClInclude>
    <ClInclude Include="StdAfx.h">
      <Filter>Header Files</Filter>
    </ClInclude>
    <ClInclude Include="structinfo.h">
      <Filter>Header Files</Filter>
    </ClInclude>
    <ClInclude Include="TcpProxyTask.h">
      <Filter>Header Files</Filter>
    </ClInclude>
    <ClInclude Include="TimeoutMonitor.h">
      <Filter>Header Files</Filter>
    </ClInclude>
    <ClInclude Include="TimerQueue.h">
      <Filter>Header Files</Filter>
    </ClInclude>
    <ClInclude Include="token.h">
      <Filter>Header Files</Filter>
    </ClInclude>
    <ClInclude Include="TSSTL.h">
      <Filter>Header Files</Filter>
    </ClInclude>
	<ClInclude Include="UdpAssociationPolicy.h">
	  <Filter>Header Files</Filter>
	</ClInclude>
	<ClInclude Include="DnsRedirectPolicy.h">
	  <Filter>Header Files</Filter>
	</ClInclude>
	<ClInclude Include="UdpPayloadPolicy.h">
	  <Filter>Header Files</Filter>
	</ClInclude>
    <ClInclude Include="UdpProxyTask.h">
      <Filter>Header Files</Filter>
    </ClInclude>
    <ClInclude Include="asynsocket\AsyncProxySocketLayer.h">
      <Filter>Header Files\asynsocket</Filter>
    </ClInclude>
    <ClInclude Include="asynsocket\AsyncSocketEx.h">
      <Filter>Header Files\asynsocket</Filter>
    </ClInclude>
    <ClInclude Include="asynsocket\AsyncSocketExLayer.h">
      <Filter>Header Files\asynsocket</Filter>
    </ClInclude>
    <ClInclude Include="asynsocket\CBase64Coding.hpp">
      <Filter>Header Files\asynsocket</Filter>
    </ClInclude>
    <ClInclude Include="asynsocket\DebugHelpers.h">
      <Filter>Header Files\asynsocket</Filter>
    </ClInclude>
    <ClInclude Include="asynsocket\autoBuffer.h">
      <Filter>Header Files\asynsocket</Filter>
    </ClInclude>
    <ClInclude Include="inlinehook.h">
      <Filter>Header Files</Filter>
    </ClInclude>
    <ClInclude Include="InjectDll.h">
      <Filter>Header Files</Filter>
    </ClInclude>
  </ItemGroup>
  <ItemGroup>
    <None Include="ProxyLaneHook.def">
      <Filter>Header Files</Filter>
    </None>
  </ItemGroup>
  <ItemGroup>
    <ResourceCompile Include="ProxyLaneHook.rc">
      <Filter>Resource Files</Filter>
    </ResourceCompile>
  </ItemGroup>
</Project>
